<Solution>
  <Project Path="BalloonParty.Runtime.csproj" />
  <Project Path="BalloonParty.Tests.EditMode.csproj" />
  <Project Path="com.balloonparty.editorui.Tests.Editor.csproj" />
  <Project Path="NaughtyAttributes.Core.csproj" />
  <Project Path="NaughtyAttributes.Test.csproj" />
  <Project Path="com.balloonparty.editorui.Editor.csproj" />
  <Project Path="BalloonParty.Editor.csproj" />
  <Project Path="NaughtyAttributes.Editor.csproj" />
  <Project Path="BalloonParty.Audio.Editor.csproj" />
  <Project Path="BalloonParty.Tests.PlayMode.csproj" />
  <Project Path="DOTween.Modules.csproj" />
  <Project Path="UIEffect.csproj" />
  <Project Path="BalloonParty.Configuration.Editor.csproj" />
  <Project Path="BalloonParty.TestRunner.Editor.csproj" />
  <Project Path="BalloonParty.Nudge.Editor.csproj" />
</Solution>
